
Microsoft Visual Studio Solution File, Format Version 12.00
# Visual Studio Version 17
VisualStudioVersion = 17.0.31903.59
MinimumVisualStudioVersion = 10.0.40219.1
Project("{2150E333-8FDC-42A3-9474-1A3956D46DE8}") = "src", "src", "{827E0CD3-B72D-47B6-A68D-7590B98EB39B}"
EndProject
Project("{FAE04EC0-301F-11D3-BF4B-00C04F79EFBC}") = "CliniSys.Domain", "src\CliniSys.Domain\CliniSys.Domain.csproj", "{40138B85-AE04-4749-85FE-7F9E947DA9FF}"
EndProject
Project("{FAE04EC0-301F-11D3-BF4B-00C04F79EFBC}") = "CliniSys.Application", "src\CliniSys.Application\CliniSys.Application.csproj", "{75F650E1-F352-414A-AA1A-D4D970FE8502}"
EndProject
Project("{FAE04EC0-301F-11D3-BF4B-00C04F79EFBC}") = "CliniSys.Infrastructure", "src\CliniSys.Infrastructure\CliniSys.Infrastructure.csproj", "{7D91F106-97D6-42A0-8651-449613A63B49}"
EndProject
Project("{FAE04EC0-301F-11D3-BF4B-00C04F79EFBC}") = "CliniSys.Api", "src\CliniSys.Api\CliniSys.Api.csproj", "{584F2A9E-8876-43C8-8232-948D33D45F70}"
EndProject
Global
	GlobalSection(SolutionConfigurationPlatforms) = preSolution
		Debug|Any CPU = Debug|Any CPU
		Debug|x64 = Debug|x64
		Debug|x86 = Debug|x86
		Release|Any CPU = Release|Any CPU
		Release|x64 = Release|x64
		Release|x86 = Release|x86
	EndGlobalSection
	GlobalSection(ProjectConfigurationPlatforms) = postSolution
		{40138B85-AE04-4749-85FE-7F9E947DA9FF}.Debug|Any CPU.ActiveCfg = Debug|Any CPU
		{40138B85-AE04-4749-85FE-7F9E947DA9FF}.Debug|Any CPU.Build.0 = Debug|Any CPU
		{40138B85-AE04-4749-85FE-7F9E947DA9FF}.Debug|x64.ActiveCfg = Debug|Any CPU
		{40138B85-AE04-4749-85FE-7F9E947DA9FF}.Debug|x64.Build.0 = Debug|Any CPU
		{40138B85-AE04-4749-85FE-7F9E947DA9FF}.Debug|x86.ActiveCfg = Debug|Any CPU
		{40138B85-AE04-4749-85FE-7F9E947DA9FF}.Debug|x86.Build.0 = Debug|Any CPU
		{40138B85-AE04-4749-85FE-7F9E947DA9FF}.Release|Any CPU.ActiveCfg = Release|Any CPU
		{40138B85-AE04-4749-85FE-7F9E947DA9FF}.Release|Any CPU.Build.0 = Release|Any CPU
		{40138B85-AE04-4749-85FE-7F9E947DA9FF}.Release|x64.ActiveCfg = Release|Any CPU
		{40138B85-AE04-4749-85FE-7F9E947DA9FF}.Release|x64.Build.0 = Release|Any CPU
		{40138B85-AE04-4749-85FE-7F9E947DA9FF}.Release|x86.ActiveCfg = Release|Any CPU
		{40138B85-AE04-4749-85FE-7F9E947DA9FF}.Release|x86.Build.0 = Release|Any CPU
		{75F650E1-F352-414A-AA1A-D4D970FE8502}.Debug|Any CPU.ActiveCfg = Debug|Any CPU
		{75F650E1-F352-414A-AA1A-D4D970FE8502}.Debug|Any CPU.Build.0 = Debug|Any CPU
		{75F650E1-F352-414A-AA1A-D4D970FE8502}.Debug|x64.ActiveCfg = Debug|Any CPU
		{75F650E1-F352-414A-AA1A-D4D970FE8502}.Debug|x64.Build.0 = Debug|Any CPU
		{75F650E1-F352-414A-AA1A-D4D970FE8502}.Debug|x86.ActiveCfg = Debug|Any CPU
		{75F650E1-F352-414A-AA1A-D4D970FE8502}.Debug|x86.Build.0 = Debug|Any CPU
		{75F650E1-F352-414A-AA1A-D4D970FE8502}.Release|Any CPU.ActiveCfg = Release|Any CPU
		{75F650E1-F352-414A-AA1A-D4D970FE8502}.Release|Any CPU.Build.0 = Release|Any CPU
		{75F650E1-F352-414A-AA1A-D4D970FE8502}.Release|x64.ActiveCfg = Release|Any CPU
		{75F650E1-F352-414A-AA1A-D4D970FE8502}.Release|x64.Build.0 = Release|Any CPU
		{75F650E1-F352-414A-AA1A-D4D970FE8502}.Release|x86.ActiveCfg = Release|Any CPU
		{75F650E1-F352-414A-AA1A-D4D970FE8502}.Release|x86.Build.0 = Release|Any CPU
		{7D91F106-97D6-42A0-8651-449613A63B49}.Debug|Any CPU.ActiveCfg = Debug|Any CPU
		{7D91F106-97D6-42A0-8651-449613A63B49}.Debug|Any CPU.Build.0 = Debug|Any CPU
		{7D91F106-97D6-42A0-8651-449613A63B49}.Debug|x64.ActiveCfg = Debug|Any CPU
		{7D91F106-97D6-42A0-8651-449613A63B49}.Debug|x64.Build.0 = Debug|Any CPU
		{7D91F106-97D6-42A0-8651-449613A63B49}.Debug|x86.ActiveCfg = Debug|Any CPU
		{7D91F106-97D6-42A0-8651-449613A63B49}.Debug|x86.Build.0 = Debug|Any CPU
		{7D91F106-97D6-42A0-8651-449613A63B49}.Release|Any CPU.ActiveCfg = Release|Any CPU
		{7D91F106-97D6-42A0-8651-449613A63B49}.Release|Any CPU.Build.0 = Release|Any CPU
		{7D91F106-97D6-42A0-8651-449613A63B49}.Release|x64.ActiveCfg = Release|Any CPU
		{7D91F106-97D6-42A0-8651-449613A63B49}.Release|x64.Build.0 = Release|Any CPU
		{7D91F106-97D6-42A0-8651-449613A63B49}.Release|x86.ActiveCfg = Release|Any CPU
		{7D91F106-97D6-42A0-8651-449613A63B49}.Release|x86.Build.0 = Release|Any CPU
		{584F2A9E-8876-43C8-8232-948D33D45F70}.Debug|Any CPU.ActiveCfg = Debug|Any CPU
		{584F2A9E-8876-43C8-8232-948D33D45F70}.Debug|Any CPU.Build.0 = Debug|Any CPU
		{584F2A9E-8876-43C8-8232-948D33D45F70}.Debug|x64.ActiveCfg = Debug|Any CPU
		{584F2A9E-8876-43C8-8232-948D33D45F70}.Debug|x64.Build.0 = Debug|Any CPU
		{584F2A9E-8876-43C8-8232-948D33D45F70}.Debug|x86.ActiveCfg = Debug|Any CPU
		{584F2A9E-8876-43C8-8232-948D33D45F70}.Debug|x86.Build.0 = Debug|Any CPU
		{584F2A9E-8876-43C8-8232-948D33D45F70}.Release|Any CPU.ActiveCfg = Release|Any CPU
		{584F2A9E-8876-43C8-8232-948D33D45F70}.Release|Any CPU.Build.0 = Release|Any CPU
		{584F2A9E-8876-43C8-8232-948D33D45F70}.Release|x64.ActiveCfg = Release|Any CPU
		{584F2A9E-8876-43C8-8232-948D33D45F70}.Release|x64.Build.0 = Release|Any CPU
		{584F2A9E-8876-43C8-8232-948D33D45F70}.Release|x86.ActiveCfg = Release|Any CPU
		{584F2A9E-8876-43C8-8232-948D33D45F70}.Release|x86.Build.0 = Release|Any CPU
	EndGlobalSection
	GlobalSection(SolutionProperties) = preSolution
		HideSolutionNode = FALSE
	EndGlobalSection
	GlobalSection(NestedProjects) = preSolution
		{40138B85-AE04-4749-85FE-7F9E947DA9FF} = {827E0CD3-B72D-47B6-A68D-7590B98EB39B}
		{75F650E1-F352-414A-AA1A-D4D970FE8502} = {827E0CD3-B72D-47B6-A68D-7590B98EB39B}
		{7D91F106-97D6-42A0-8651-449613A63B49} = {827E0CD3-B72D-47B6-A68D-7590B98EB39B}
		{584F2A9E-8876-43C8-8232-948D33D45F70} = {827E0CD3-B72D-47B6-A68D-7590B98EB39B}
	EndGlobalSection
EndGlobal
